# THIS IS AN AUTOGENERATED FILE. DO NOT EDIT THIS FILE DIRECTLY.
# yarn lockfile v1


"@artdeco/clean-stack@1.0.0":
  version "1.0.0"
  resolved "https://registry.yarnpkg.com/@artdeco/clean-stack/-/clean-stack-1.0.0.tgz#36ff9c9f66e6cb1eb0bfa90341be21cba70c7ea6"
  integrity sha512-lNrvCAG7xU8z2srq7XSbyDECGEjhXiXlP3CbQ4G0OSTckUBnu7yY7zUcpDK5x1CxyWvDKb3qsUkKKgK703GBeA==

"@wrote/clone@1.0.1":
  version "1.0.1"
  resolved "https://registry.yarnpkg.com/@wrote/clone/-/clone-1.0.1.tgz#2f6e24f4855467b13cc4d7a2ca9677d07ab40292"
  integrity sha512-G83eo2wnUCFlZWgrRot961mFWwEHi3nj9eZReLc80LeeCWsNOu0q/IZYtJPOuLdE9aCUhURTBOjdGW8DvhzBFQ==
  dependencies:
    "@wrote/ensure-path" "1.0.3"
    "@wrote/read-dir-structure" "1.0.1"
    makepromise "3.0.1"

"@wrote/ensure-path@1.0.3":
  version "1.0.3"
  resolved "https://registry.yarnpkg.com/@wrote/ensure-path/-/ensure-path-1.0.3.tgz#7faeff4ebb5b3972b745e0cc85f3e06cbca51d51"
  integrity sha512-rp1HNLlxzGwiYB/hEcJeejPoSkyS96xPmRVfzEu/BqV/KPtPUhUiRIxhYQykQPQVhql9qwy2fYrGszG3UBCKGw==
  dependencies:
    makepromise "3.0.1"

"@wrote/read-dir-structure@1.0.1":
  version "1.0.1"
  resolved "https://registry.yarnpkg.com/@wrote/read-dir-structure/-/read-dir-structure-1.0.1.tgz#fe1bf41715a0dbf7c2fb65a7d7b4fefab127eb24"
  integrity sha1-/hv0FxWg2/fC+2Wn17T++rEn6yQ=
  dependencies:
    makepromise "2.0.0"

argufy@1.2.1:
  version "1.2.1"
  resolved "https://registry.yarnpkg.com/argufy/-/argufy-1.2.1.tgz#34985fe1087dee7fd96c92fad17c0dd137991d95"
  integrity sha1-NJhf4Qh97n/ZbJL60XwN0TeZHZU=

catchment@3.0.1:
  version "3.0.1"
  resolved "https://registry.yarnpkg.com/catchment/-/catchment-3.0.1.tgz#11dab5fea86d412343e797e052b21091b7e83a55"
  integrity sha512-rT/WIcR2hBPwlcOLx7ULAM6yWBLfDjVTMnzrMyjxKhFKAWClVTjDSoe8mxn3ZyAlCyg+Vbtw1iPopa6YxUkW4A==

catchment@3.1.1:
  version "3.1.1"
  resolved "https://registry.yarnpkg.com/catchment/-/catchment-3.1.1.tgz#dad005e4383cb56f0108d8ea1f877608df22be59"
  integrity sha512-4PXPVDARu22RQ1I4AqtcH7vLCLmywPvfaT/Z+NOkL2FjsMYmVo6NsTpwe2o2+VVAAVI73jOwwrbE1xn9I9wJkg==
  dependencies:
    "@artdeco/clean-stack" "1.0.0"
    erotic "2.0.1"

clean-stack@1.3.0:
  version "1.3.0"
  resolved "https://registry.yarnpkg.com/clean-stack/-/clean-stack-1.3.0.tgz#9e821501ae979986c46b1d66d2d432db2fd4ae31"
  integrity sha1-noIVAa6XmYbEax1m0tQy2y/UrjE=

diff@3.5.0:
  version "3.5.0"
  resolved "https://registry.yarnpkg.com/diff/-/diff-3.5.0.tgz#800c0dd1e0a8bfbc95835c202ad220fe317e5a12"
  integrity sha512-A46qtFgd+g7pDZinpnwiRJtxbC1hpgf0uzP3iG89scHk0AUC7A1TGxf5OiiOUv/JMZR8GOt8hL900hV0bOy5xA==

documentary@1.20.1:
  version "1.20.1"
  resolved "https://registry.yarnpkg.com/documentary/-/documentary-1.20.1.tgz#07eed06dec4ea4e69704840e115f7bd79917736b"
  integrity sha512-nB56bWhO8owcFbwPFQIvIqCjZWGxD/5bfAB3521uZXO62bzZBdE1I/Si0+hm/zBTI5uWFFf9rsQ5JpW4xJVXnA==
  dependencies:
    "@wrote/clone" "1.0.1"
    "@wrote/ensure-path" "1.0.3"
    argufy "1.2.1"
    catchment "3.1.1"
    erte "1.1.4"
    mismatch "1.0.3"
    pedantry "2.2.0"
    restream "3.2.1"
    rexml "1.1.0"
    spawncommand "2.1.0"
    typal "1.2.0"
    which-stream "1.0.1"

erotic@1.0.1:
  version "1.0.1"
  resolved "https://registry.yarnpkg.com/erotic/-/erotic-1.0.1.tgz#222fedd8215937b9e5d0ec37abb27889af63776f"
  integrity sha1-Ii/t2CFZN7nl0Ow3q7J4ia9jd28=
  dependencies:
    clean-stack "1.3.0"

erotic@1.2.1:
  version "1.2.1"
  resolved "https://registry.yarnpkg.com/erotic/-/erotic-1.2.1.tgz#f5265147573991578808de69af28316aa788f0ae"
  integrity sha1-9SZRR1c5kVeICN5prygxaqeI8K4=
  dependencies:
    clean-stack "1.3.0"

erotic@2.0.1:
  version "2.0.1"
  resolved "https://registry.yarnpkg.com/erotic/-/erotic-2.0.1.tgz#bcb45bf61e5a3a9006bbee2cf998515a56f3961b"
  integrity sha512-4J/dXhlM9lFYI5GvY4vS+W2M8w5Rmrj+Hh6y/GNb8u1YK6B/jszBMbMRJRDSSbTblbqDD23+97MrMl9hVxqmGg==
  dependencies:
    "@artdeco/clean-stack" "1.0.0"

erte@1.1.4:
  version "1.1.4"
  resolved "https://registry.yarnpkg.com/erte/-/erte-1.1.4.tgz#1400a891622c5a12970b710b2f227a7182c0dc9c"
  integrity sha1-FACokWIsWhKXC3ELLyJ6cYLA3Jw=
  dependencies:
    diff "3.5.0"

eslint-config-artdeco@1.0.0:
  version "1.0.0"
  resolved "https://registry.yarnpkg.com/eslint-config-artdeco/-/eslint-config-artdeco-1.0.0.tgz#1bbd25e738badb49e76faf6b934f925dfc094c9c"

makepromise@2.0.0:
  version "2.0.0"
  resolved "https://registry.yarnpkg.com/makepromise/-/makepromise-2.0.0.tgz#3b91b9de3e36cd6979c94c38392f04ba4d8e1f18"
  integrity sha1-O5G53j42zWl5yUw4OS8Euk2OHxg=
  dependencies:
    erotic "1.0.1"

makepromise@3.0.1:
  version "3.0.1"
  resolved "https://registry.yarnpkg.com/makepromise/-/makepromise-3.0.1.tgz#5610962047452f91b278c4d3bdc1c854185d913e"
  integrity sha512-7HaS+sBv5yQJyGGqhmbnRyam+WuEmGuQ77N7+ymvRaOTm8ntEyWCk3XMpAkgpSO1N1kWwO9BNJqd/HItJNITbg==
  dependencies:
    erotic "1.2.1"

mismatch@1.0.3:
  version "1.0.3"
  resolved "https://registry.yarnpkg.com/mismatch/-/mismatch-1.0.3.tgz#416cbe164971a8eafc6f3a68c7c63a77bdf06bfb"
  integrity sha512-zm4Ff5SloRfOBvzKSQoieOCv7fA9dQP3JfNDrNF+9UXle00JS1BZV3EXiYozYfVJNhYP/1r9VV1aVBPMfXNxhw==

pedantry@2.2.0:
  version "2.2.0"
  resolved "https://registry.yarnpkg.com/pedantry/-/pedantry-2.2.0.tgz#bba0dd81b77e08fcc153fc9e53dc60671686a304"
  integrity sha512-qBDHAokHwQbjmlQsg7KrZsg5j6JYibDnf3xYS/cA4lZ3ih0xU9XHJrVsSW/BLzCGMnuEzki8JezgbRYe4lw7dQ==
  dependencies:
    "@wrote/read-dir-structure" "1.0.1"

restream@3.2.1:
  version "3.2.1"
  resolved "https://registry.yarnpkg.com/restream/-/restream-3.2.1.tgz#0dc7354eb364b5045a2ab0a9c70f1f2c384c489a"
  integrity sha512-rbLqOxDsCi+nbAfQDgSTBaUsusG0/uJPBfdAwbwCciGz6BS9xr3YBwqWIuwyINZUe2ZRyNGZcVbDx/mvwvTTyg==
  dependencies:
    "@artdeco/clean-stack" "1.0.0"

rexml@1.1.0:
  version "1.1.0"
  resolved "https://registry.yarnpkg.com/rexml/-/rexml-1.1.0.tgz#d005c515528aa0c81a39cd456a0da40321ab3fe8"
  integrity sha1-0AXFFVKKoMgaOc1Fag2kAyGrP+g=

spawncommand@2.1.0:
  version "2.1.0"
  resolved "https://registry.yarnpkg.com/spawncommand/-/spawncommand-2.1.0.tgz#a5ef60ae7892e8718a9c717fc52fe5f54521e0de"
  integrity sha512-iLQzOn/Ihmiw78iIeT9Xd5VH9RrhBCriMhCKhjD/xLP83koSwlMG5nFnIJewwud+FAO8JqnXXO5eovjNqeU+Mg==
  dependencies:
    catchment "3.1.1"

typal@1.2.0:
  version "1.2.0"
  resolved "https://registry.yarnpkg.com/typal/-/typal-1.2.0.tgz#b9e24fa8d187adf7819c12595cd142a80be18f5f"
  integrity sha512-9BV9BGD9IRGFgd1V5Xa9LXKWr5oHp7lEBae63gM/Z1lB4t88W+TlR3pveaf6w9yPl4Ru8Ly3S1ObFrAFCUGBug==
  dependencies:
    mismatch "1.0.3"
    rexml "1.1.0"

which-stream@1.0.1:
  version "1.0.1"
  resolved "https://registry.yarnpkg.com/which-stream/-/which-stream-1.0.1.tgz#2b495b083b1c31ff68dd4d770b0caa7f86e769af"
  integrity sha512-UANI3ps4Qh+SKR39/z/2NZBNk/FKLYFpbPBc1bv3cX+PRR2ycinKCXpFOMCXv67xWBlSw7nIzd4ZD0hFGNQ99g==
  dependencies:
    catchment "3.0.1"
